// !$*UTF8*$!
{
	archiveVersion = 1;
	classes = {
	};
	objectVersion = 50;
	objects = {

/* Begin PBXBuildFile section */
		46273B0623880D6E00FFC6BE /* AppProfile.swift in Sources */ = {isa = PBXBuildFile; fileRef = 46273B0023880D6D00FFC6BE /* AppProfile.swift */; };
		46273B0723880D6E00FFC6BE /* AppProfileFunctions.swift in Sources */ = {isa = PBXBuildFile; fileRef = 46273B0123880D6D00FFC6BE /* AppProfileFunctions.swift */; };
		46273B0823880D6E00FFC6BE /* AppProfileData.swift in Sources */ = {isa = PBXBuildFile; fileRef = 46273B0223880D6D00FFC6BE /* AppProfileData.swift */; };
		46273B0923880D6E00FFC6BE /* StudentStore.swift in Sources */ = {isa = PBXBuildFile; fileRef = 46273B0423880D6D00FFC6BE /* StudentStore.swift */; };
		46273B0A23880D6E00FFC6BE /* Student.swift in Sources */ = {isa = PBXBuildFile; fileRef = 46273B0523880D6D00FFC6BE /* Student.swift */; };
		46273B0F23880D8900FFC6BE /* ProfileTableViewCell.swift in Sources */ = {isa = PBXBuildFile; fileRef = 46273B0C23880D8900FFC6BE /* ProfileTableViewCell.swift */; };
		46273B1023880D8900FFC6BE /* StudentStaticTableView.swift in Sources */ = {isa = PBXBuildFile; fileRef = 46273B0D23880D8900FFC6BE /* StudentStaticTableView.swift */; };
		46273B1123880D8900FFC6BE /* AppProfilesTableViewController.swift in Sources */ = {isa = PBXBuildFile; fileRef = 46273B0E23880D8900FFC6BE /* AppProfilesTableViewController.swift */; };
		46626C0623880B0600DA2B2C /* AppDelegate.swift in Sources */ = {isa = PBXBuildFile; fileRef = 46626C0523880B0600DA2B2C /* AppDelegate.swift */; };
		46626C0823880B0600DA2B2C /* SceneDelegate.swift in Sources */ = {isa = PBXBuildFile; fileRef = 46626C0723880B0600DA2B2C /* SceneDelegate.swift */; };
		46626C0A23880B0600DA2B2C /* ViewController.swift in Sources */ = {isa = PBXBuildFile; fileRef = 46626C0923880B0600DA2B2C /* ViewController.swift */; };
		46626C0D23880B0600DA2B2C /* Main.storyboard in Resources */ = {isa = PBXBuildFile; fileRef = 46626C0B23880B0600DA2B2C /* Main.storyboard */; };
		46626C0F23880B0700DA2B2C /* Assets.xcassets in Resources */ = {isa = PBXBuildFile; fileRef = 46626C0E23880B0700DA2B2C /* Assets.xcassets */; };
		46626C1223880B0700DA2B2C /* LaunchScreen.storyboard in Resources */ = {isa = PBXBuildFile; fileRef = 46626C1023880B0700DA2B2C /* LaunchScreen.storyboard */; };
		46CB253823880C240016B91F /* Rebuild.storyboard in Resources */ = {isa = PBXBuildFile; fileRef = 46CB253623880C240016B91F /* Rebuild.storyboard */; };
/* End PBXBuildFile section */

/* Begin PBXFileReference section */
		46273B0023880D6D00FFC6BE /* AppProfile.swift */ = {isa = PBXFileReference; fileEncoding = 4; lastKnownFileType = sourcecode.swift; path = AppProfile.swift; sourceTree = "<group>"; };
		46273B0123880D6D00FFC6BE /* AppProfileFunctions.swift */ = {isa = PBXFileReference; fileEncoding = 4; lastKnownFileType = sourcecode.swift; path = AppProfileFunctions.swift; sourceTree = "<group>"; };
		46273B0223880D6D00FFC6BE /* AppProfileData.swift */ = {isa = PBXFileReference; fileEncoding = 4; lastKnownFileType = sourcecode.swift; path = AppProfileData.swift; sourceTree = "<group>"; };
		46273B0423880D6D00FFC6BE /* StudentStore.swift */ = {isa = PBXFileReference; fileEncoding = 4; lastKnownFileType = sourcecode.swift; path = StudentStore.swift; sourceTree = "<group>"; };
		46273B0523880D6D00FFC6BE /* Student.swift */ = {isa = PBXFileReference; fileEncoding = 4; lastKnownFileType = sourcecode.swift; path = Student.swift; sourceTree = "<group>"; };
		46273B0C23880D8900FFC6BE /* ProfileTableViewCell.swift */ = {isa = PBXFileReference; fileEncoding = 4; lastKnownFileType = sourcecode.swift; path = ProfileTableViewCell.swift; sourceTree = "<group>"; };
		46273B0D23880D8900FFC6BE /* StudentStaticTableView.swift */ = {isa = PBXFileReference; fileEncoding = 4; lastKnownFileType = sourcecode.swift; path = StudentStaticTableView.swift; sourceTree = "<group>"; };
		46273B0E23880D8900FFC6BE /* AppProfilesTableViewController.swift */ = {isa = PBXFileReference; fileEncoding = 4; lastKnownFileType = sourcecode.swift; path = AppProfilesTableViewController.swift; sourceTree = "<group>"; };
		46626C0223880B0600DA2B2C /* Rebuild.app */ = {isa = PBXFileReference; explicitFileType = wrapper.application; includeInIndex = 0; path = Rebuild.app; sourceTree = BUILT_PRODUCTS_DIR; };
		46626C0523880B0600DA2B2C /* AppDelegate.swift */ = {isa = PBXFileReference; lastKnownFileType = sourcecode.swift; path = AppDelegate.swift; sourceTree = "<group>"; };
		46626C0723880B0600DA2B2C /* SceneDelegate.swift */ = {isa = PBXFileReference; lastKnownFileType = sourcecode.swift; path = SceneDelegate.swift; sourceTree = "<group>"; };
		46626C0923880B0600DA2B2C /* ViewController.swift */ = {isa = PBXFileReference; lastKnownFileType = sourcecode.swift; path = ViewController.swift; sourceTree = "<group>"; };
		46626C0C23880B0600DA2B2C /* Base */ = {isa = PBXFileReference; lastKnownFileType = file.storyboard; name = Base; path = Base.lproj/Main.storyboard; sourceTree = "<group>"; };
		46626C0E23880B0700DA2B2C /* Assets.xcassets */ = {isa = PBXFileReference; lastKnownFileType = folder.assetcatalog; path = Assets.xcassets; sourceTree = "<group>"; };
		46626C1123880B0700DA2B2C /* Base */ = {isa = PBXFileReference; lastKnownFileType = file.storyboard; name = Base; path = Base.lproj/LaunchScreen.storyboard; sourceTree = "<group>"; };
		46626C1323880B0700DA2B2C /* Info.plist */ = {isa = PBXFileReference; lastKnownFileType = text.plist.xml; path = Info.plist; sourceTree = "<group>"; };
		46CB253723880C240016B91F /* Base */ = {isa = PBXFileReference; lastKnownFileType = file.storyboard; name = Base; path = Rebuild/Base.lproj/Rebuild.storyboard; sourceTree = "<group>"; };
/* End PBXFileReference section */

/* Begin PBXFrameworksBuildPhase section */
		46626BFF23880B0600DA2B2C /* Frameworks */ = {
			isa = PBXFrameworksBuildPhase;
			buildActionMask = 2147483647;
			files = (
			);
			runOnlyForDeploymentPostprocessing = 0;
		};
/* End PBXFrameworksBuildPhase section */

/* Begin PBXGroup section */
		46273AFE23880D6D00FFC6BE /* Models */ = {
			isa = PBXGroup;
			children = (
				46273AFF23880D6D00FFC6BE /* AppProfile */,
				46273B0323880D6D00FFC6BE /* Student */,
			);
			path = Models;
			sourceTree = "<group>";
		};
		46273AFF23880D6D00FFC6BE /* AppProfile */ = {
			isa = PBXGroup;
			children = (
				46273B0023880D6D00FFC6BE /* AppProfile.swift */,
				46273B0123880D6D00FFC6BE /* AppProfileFunctions.swift */,
				46273B0223880D6D00FFC6BE /* AppProfileData.swift */,
			);
			path = AppProfile;
			sourceTree = "<group>";
		};
		46273B0323880D6D00FFC6BE /* Student */ = {
			isa = PBXGroup;
			children = (
				46273B0423880D6D00FFC6BE /* StudentStore.swift */,
				46273B0523880D6D00FFC6BE /* Student.swift */,
			);
			path = Student;
			sourceTree = "<group>";
		};
		46273B0B23880D8900FFC6BE /* Views */ = {
			isa = PBXGroup;
			children = (
				46273B0C23880D8900FFC6BE /* ProfileTableViewCell.swift */,
				46273B0D23880D8900FFC6BE /* StudentStaticTableView.swift */,
				46273B0E23880D8900FFC6BE /* AppProfilesTableViewController.swift */,
			);
			path = Views;
			sourceTree = "<group>";
		};
		46626BF923880B0600DA2B2C = {
			isa = PBXGroup;
			children = (
				46626C0423880B0600DA2B2C /* Rebuild */,
				46626C0323880B0600DA2B2C /* Products */,
			);
			sourceTree = "<group>";
		};
		46626C0323880B0600DA2B2C /* Products */ = {
			isa = PBXGroup;
			children = (
				46626C0223880B0600DA2B2C /* Rebuild.app */,
			);
			name = Products;
			sourceTree = "<group>";
		};
		46626C0423880B0600DA2B2C /* Rebuild */ = {
			isa = PBXGroup;
			children = (
				46CB253623880C240016B91F /* Rebuild.storyboard */,
				46273B0B23880D8900FFC6BE /* Views */,
				46273AFE23880D6D00FFC6BE /* Models */,
				46626C0523880B0600DA2B2C /* AppDelegate.swift */,
				46626C0723880B0600DA2B2C /* SceneDelegate.swift */,
				46626C0923880B0600DA2B2C /* ViewController.swift */,
				46626C0B23880B0600DA2B2C /* Main.storyboard */,
				46626C0E23880B0700DA2B2C /* Assets.xcassets */,
				46626C1023880B0700DA2B2C /* LaunchScreen.storyboard */,
				46626C1323880B0700DA2B2C /* Info.plist */,
			);
			path = Rebuild;
			sourceTree = "<group>";
		};
/* End PBXGroup section */

/* Begin PBXNativeTarget section */
		46626C0123880B0600DA2B2C /* Rebuild */ = {
			isa = PBXNativeTarget;
			buildConfigurationList = 46626C1623880B0700DA2B2C /* Build configuration list for PBXNativeTarget "Rebuild" */;
			buildPhases = (
				46626BFE23880B0600DA2B2C /* Sources */,
				46626BFF23880B0600DA2B2C /* Frameworks */,
				46626C0023880B0600DA2B2C /* Resources */,
			);
			buildRules = (
			);
			dependencies = (
			);
			name = Rebuild;
			productName = Rebuild;
			productReference = 46626C0223880B0600DA2B2C /* Rebuild.app */;
			productType = "com.apple.product-type.application";
		};
/* End PBXNativeTarget section */

/* Begin PBXProject section */
		46626BFA23880B0600DA2B2C /* Project object */ = {
			isa = PBXProject;
			attributes = {
				LastSwiftUpdateCheck = 1120;
				LastUpgradeCheck = 1120;
				ORGANIZATIONNAME = DevelopItSolutions;
				TargetAttributes = {
					46626C0123880B0600DA2B2C = {
						CreatedOnToolsVersion = 11.2.1;
					};
				};
			};
			buildConfigurationList = 46626BFD23880B0600DA2B2C /* Build configuration list for PBXProject "Rebuild" */;
			compatibilityVersion = "Xcode 9.3";
			developmentRegion = en;
			hasScannedForEncodings = 0;
			knownRegions = (
				en,
				Base,
			);
			mainGroup = 46626BF923880B0600DA2B2C;
			productRefGroup = 46626C0323880B0600DA2B2C /* Products */;
			projectDirPath = "";
			projectRoot = "";
			targets = (
				46626C0123880B0600DA2B2C /* Rebuild */,
			);
		};
/* End PBXProject section */

/* Begin PBXResourcesBuildPhase section */
		46626C0023880B0600DA2B2C /* Resources */ = {
			isa = PBXResourcesBuildPhase;
			buildActionMask = 2147483647;
			files = (
				46CB253823880C240016B91F /* Rebuild.storyboard in Resources */,
				46626C1223880B0700DA2B2C /* LaunchScreen.storyboard in Resources */,
				46626C0F23880B0700DA2B2C /* Assets.xcassets in Resources */,
				46626C0D23880B0600DA2B2C /* Main.storyboard in Resources */,
			);
			runOnlyForDeploymentPostprocessing = 0;
		};
/* End PBXResourcesBuildPhase section */

/* Begin PBXSourcesBuildPhase section */
		46626BFE23880B0600DA2B2C /* Sources */ = {
			isa = PBXSourcesBuildPhase;
			buildActionMask = 2147483647;
			files = (
				46626C0A23880B0600DA2B2C /* ViewController.swift in Sources */,
				46273B0923880D6E00FFC6BE /* StudentStore.swift in Sources */,
				46273B0623880D6E00FFC6BE /* AppProfile.swift in Sources */,
				46273B0F23880D8900FFC6BE /* ProfileTableViewCell.swift in Sources */,
				46273B1123880D8900FFC6BE /* AppProfilesTableViewController.swift in Sources */,
				46626C0623880B0600DA2B2C /* AppDelegate.swift in Sources */,
				46273B0823880D6E00FFC6BE /* AppProfileData.swift in Sources */,
				46626C0823880B0600DA2B2C /* SceneDelegate.swift in Sources */,
				46273B0723880D6E00FFC6BE /* AppProfileFunctions.swift in Sources */,
				46273B0A23880D6E00FFC6BE /* Student.swift in Sources */,
				46273B1023880D8900FFC6BE /* StudentStaticTableView.swift in Sources */,
			);
			runOnlyForDeploymentPostprocessing = 0;
		};
/* End PBXSourcesBuildPhase section */

/* Begin PBXVariantGroup section */
		46626C0B23880B0600DA2B2C /* Main.storyboard */ = {
			isa = PBXVariantGroup;
			children = (
				46626C0C23880B0600DA2B2C /* Base */,
			);
			name = Main.storyboard;
			sourceTree = "<group>";
		};
		46626C1023880B0700DA2B2C /* LaunchScreen.storyboard */ = {
			isa = PBXVariantGroup;
			children = (
				46626C1123880B0700DA2B2C /* Base */,
			);
			name = LaunchScreen.storyboard;
			sourceTree = "<group>";
		};
		46CB253623880C240016B91F /* Rebuild.storyboard */ = {
			isa = PBXVariantGroup;
			children = (
				46CB253723880C240016B91F /* Base */,
			);
			name = Rebuild.storyboard;
			sourceTree = "<group>";
		};
/* End PBXVariantGroup section */

/* Begin XCBuildConfiguration section */
		46626C1423880B0700DA2B2C /* Debug */ = {
			isa = XCBuildConfiguration;
			buildSettings = {
				ALWAYS_SEARCH_USER_PATHS = NO;
				CLANG_ANALYZER_NONNULL = YES;
				CLANG_ANALYZER_NUMBER_OBJECT_CONVERSION = YES_AGGRESSIVE;
				CLANG_CXX_LANGUAGE_STANDARD = "gnu++14";
				CLANG_CXX_LIBRARY = "libc++";
				CLANG_ENABLE_MODULES = YES;
				CLANG_ENABLE_OBJC_ARC = YES;
				CLANG_ENABLE_OBJC_WEAK = YES;
				CLANG_WARN_BLOCK_CAPTURE_AUTORELEASING = YES;
				CLANG_WARN_BOOL_CONVERSION = YES;
				CLANG_WARN_COMMA = YES;
				CLANG_WARN_CONSTANT_CONVERSION = YES;
				CLANG_WARN_DEPRECATED_OBJC_IMPLEMENTATIONS = YES;
				CLANG_WARN_DIRECT_OBJC_ISA_USAGE = YES_ERROR;
				CLANG_WARN_DOCUMENTATION_COMMENTS = YES;
				CLANG_WARN_EMPTY_BODY = YES;
				CLANG_WARN_ENUM_CONVERSION = YES;
				CLANG_WARN_INFINITE_RECURSION = YES;
				CLANG_WARN_INT_CONVERSION = YES;
				CLANG_WARN_NON_LITERAL_NULL_CONVERSION = YES;
				CLANG_WARN_OBJC_IMPLICIT_RETAIN_SELF = YES;
				CLANG_WARN_OBJC_LITERAL_CONVERSION = YES;
				CLANG_WARN_OBJC_ROOT_CLASS = YES_ERROR;
				CLANG_WARN_RANGE_LOOP_ANALYSIS = YES;
				CLANG_WARN_STRICT_PROTOTYPES = YES;
				CLANG_WARN_SUSPICIOUS_MOVE = YES;
				CLANG_WARN_UNGUARDED_AVAILABILITY = YES_AGGRESSIVE;
				CLANG_WARN_UNREACHABLE_CODE = YES;
				CLANG_WARN__DUPLICATE_METHOD_MATCH = YES;
				COPY_PHASE_STRIP = NO;
				DEBUG_INFORMATION_FORMAT = dwarf;
				ENABLE_STRICT_OBJC_MSGSEND = YES;
				ENABLE_TESTABILITY = YES;
				GCC_C_LANGUAGE_STANDARD = gnu11;
				GCC_DYNAMIC_NO_PIC = NO;
				GCC_NO_COMMON_BLOCKS = YES;
				GCC_OPTIMIZATION_LEVEL = 0;
				GCC_PREPROCESSOR_DEFINITIONS = (
					"DEBUG=1",
					"$(inherited)",
				);
				GCC_WARN_64_TO_32_BIT_CONVERSION = YES;
				GCC_WARN_ABOUT_RETURN_TYPE = YES_ERROR;
				GCC_WARN_UNDECLARED_SELECTOR = YES;
				GCC_WARN_UNINITIALIZED_AUTOS = YES_AGGRESSIVE;
				GCC_WARN_UNUSED_FUNCTION = YES;
				GCC_WARN_UNUSED_VARIABLE = YES;
				IPHONEOS_DEPLOYMENT_TARGET = 13.2;
				MTL_ENABLE_DEBUG_INFO = INCLUDE_SOURCE;
				MTL_FAST_MATH = YES;
				ONLY_ACTIVE_ARCH = YES;
				SDKROOT = iphoneos;
				SWIFT_ACTIVE_COMPILATION_CONDITIONS = DEBUG;
				SWIFT_OPTIMIZATION_LEVEL = "-Onone";
			};
			name = Debug;
		};
		46626C1523880B0700DA2B2C /* Release */ = {
			isa = XCBuildConfiguration;
			buildSettings = {
				ALWAYS_SEARCH_USER_PATHS = NO;
				CLANG_ANALYZER_NONNULL = YES;
				CLANG_ANALYZER_NUMBER_OBJECT_CONVERSION = YES_AGGRESSIVE;
				CLANG_CXX_LANGUAGE_STANDARD = "gnu++14";
				CLANG_CXX_LIBRARY = "libc++";
				CLANG_ENABLE_MODULES = YES;
				CLANG_ENABLE_OBJC_ARC = YES;
				CLANG_ENABLE_OBJC_WEAK = YES;
				CLANG_WARN_BLOCK_CAPTURE_AUTORELEASING = YES;
				CLANG_WARN_BOOL_CONVERSION = YES;
				CLANG_WARN_COMMA = YES;
				CLANG_WARN_CONSTANT_CONVERSION = YES;
				CLANG_WARN_DEPRECATED_OBJC_IMPLEMENTATIONS = YES;
				CLANG_WARN_DIRECT_OBJC_ISA_USAGE = YES_ERROR;
				CLANG_WARN_DOCUMENTATION_COMMENTS = YES;
				CLANG_WARN_EMPTY_BODY = YES;
				CLANG_WARN_ENUM_CONVERSION = YES;
				CLANG_WARN_INFINITE_RECURSION = YES;
				CLANG_WARN_INT_CONVERSION = YES;
				CLANG_WARN_NON_LITERAL_NULL_CONVERSION = YES;
				CLANG_WARN_OBJC_IMPLICIT_RETAIN_SELF = YES;
				CLANG_WARN_OBJC_LITERAL_CONVERSION = YES;
				CLANG_WARN_OBJC_ROOT_CLASS = YES_ERROR;
				CLANG_WARN_RANGE_LOOP_ANALYSIS = YES;
				CLANG_WARN_STRICT_PROTOTYPES = YES;
				CLANG_WARN_SUSPICIOUS_MOVE = YES;
				CLANG_WARN_UNGUARDED_AVAILABILITY = YES_AGGRESSIVE;
				CLANG_WARN_UNREACHABLE_CODE = YES;
				CLANG_WARN__DUPLICATE_METHOD_MATCH = YES;
				COPY_PHASE_STRIP = NO;
				DEBUG_INFORMATION_FORMAT = "dwarf-with-dsym";
				ENABLE_NS_ASSERTIONS = NO;
				ENABLE_STRICT_OBJC_MSGSEND = YES;
				GCC_C_LANGUAGE_STANDARD = gnu11;
				GCC_NO_COMMON_BLOCKS = YES;
				GCC_WARN_64_TO_32_BIT_CONVERSION = YES;
				GCC_WARN_ABOUT_RETURN_TYPE = YES_ERROR;
				GCC_WARN_UNDECLARED_SELECTOR = YES;
				GCC_WARN_UNINITIALIZED_AUTOS = YES_AGGRESSIVE;
				GCC_WARN_UNUSED_FUNCTION = YES;
				GCC_WARN_UNUSED_VARIABLE = YES;
				IPHONEOS_DEPLOYMENT_TARGET = 13.2;
				MTL_ENABLE_DEBUG_INFO = NO;
				MTL_FAST_MATH = YES;
				SDKROOT = iphoneos;
				SWIFT_COMPILATION_MODE = wholemodule;
				SWIFT_OPTIMIZATION_LEVEL = "-O";
				VALIDATE_PRODUCT = YES;
			};
			name = Release;
		};
		46626C1723880B0700DA2B2C /* Debug */ = {
			isa = XCBuildConfiguration;
			buildSettings = {
				ASSETCATALOG_COMPILER_APPICON_NAME = AppIcon;
				CODE_SIGN_STYLE = Automatic;
				DEVELOPMENT_TEAM = MZ552MTEJZ;
				INFOPLIST_FILE = Rebuild/Info.plist;
				LD_RUNPATH_SEARCH_PATHS = (
					"$(inherited)",
					"@executable_path/Frameworks",
				);
				PRODUCT_BUNDLE_IDENTIFIER = com.developItSolutions.Rebuild;
				PRODUCT_NAME = "$(TARGET_NAME)";
				SWIFT_VERSION = 5.0;
				TARGETED_DEVICE_FAMILY = "1,2";
			};
			name = Debug;
		};
		46626C1823880B0700DA2B2C /* Release */ = {
			isa = XCBuildConfiguration;
			buildSettings = {
				ASSETCATALOG_COMPILER_APPICON_NAME = AppIcon;
				CODE_SIGN_STYLE = Automatic;
				DEVELOPMENT_TEAM = MZ552MTEJZ;
				INFOPLIST_FILE = Rebuild/Info.plist;
				LD_RUNPATH_SEARCH_PATHS = (
					"$(inherited)",
					"@executable_path/Frameworks",
				);
				PRODUCT_BUNDLE_IDENTIFIER = com.developItSolutions.Rebuild;
				PRODUCT_NAME = "$(TARGET_NAME)";
				SWIFT_VERSION = 5.0;
				TARGETED_DEVICE_FAMILY = "1,2";
			};
			name = Release;
		};
/* End XCBuildConfiguration section */

/* Begin XCConfigurationList section */
		46626BFD23880B0600DA2B2C /* Build configuration list for PBXProject "Rebuild" */ = {
			isa = XCConfigurationList;
			buildConfigurations = (
				46626C1423880B0700DA2B2C /* Debug */,
				46626C1523880B0700DA2B2C /* Release */,
			);
			defaultConfigurationIsVisible = 0;
			defaultConfigurationName = Release;
		};
		46626C1623880B0700DA2B2C /* Build configuration list for PBXNativeTarget "Rebuild" */ = {
			isa = XCConfigurationList;
			buildConfigurations = (
				46626C1723880B0700DA2B2C /* Debug */,
				46626C1823880B0700DA2B2C /* Release */,
			);
			defaultConfigurationIsVisible = 0;
			defaultConfigurationName = Release;
		};
/* End XCConfigurationList section */
	};
	rootObject = 46626BFA23880B0600DA2B2C /* Project object */;
}
